// !$*UTF8*$!
{
	archiveVersion = 1;
	classes = {
	};
	objectVersion = 77;
	objects = {

/* Begin PBXBuildFile section */
		096FEA52E28359A7D3D49705 /* SunburstViewTests.swift in Sources */ = {isa = PBXBuildFile; fileRef = A215C2FEEEE7254592D11B1B /* SunburstViewTests.swift */; };
		B35311BAAB074FBBBEDA6B2C /* DeletionTests.swift in Sources */ = {isa = PBXBuildFile; fileRef = 9791683A20724DA9A1BF5310 /* DeletionTests.swift */; };
		CE8EF8A3472447A2A2F28E75 /* ScanBufferTests.swift in Sources */ = {isa = PBXBuildFile; fileRef = 49683D5AE36945A0837F4353 /* ScanBufferTests.swift */; };
		4AC8492CCB5CC3E9F61B4866 /* DiskNodeTests.swift in Sources */ = {isa = PBXBuildFile; fileRef = 8BA208F381CA1B6629E2524A /* DiskNodeTests.swift */; };
		55E60C31195442C3A14C4D17 /* ExportServiceTests.swift in Sources */ = {isa = PBXBuildFile; fileRef = 926D06FEDB9964D973033FF4 /* ExportServiceTests.swift */; };
		6010631F03A1D9DD33304E5A /* APFSSnapshotServiceTests.swift in Sources */ = {isa = PBXBuildFile; fileRef = ACA2B642FE88056E77201E78 /* APFSSnapshotServiceTests.swift */; };
		6266485EBD4D76972A64A75D /* FileOperationsServiceTests.swift in Sources */ = {isa = PBXBuildFile; fileRef = CA8F4F2DC4D6FB162935F9F8 /* FileOperationsServiceTests.swift */; };
		7A0A5C44DBE7728E6CC33B46 /* DuplicateFinderServiceTests.swift in Sources */ = {isa = PBXBuildFile; fileRef = 276FD14D87CD60CCC59B7ECF /* DuplicateFinderServiceTests.swift */; };
		BE68D409D5975D2DBE206259 /* SmartFilterServiceTests.swift in Sources */ = {isa = PBXBuildFile; fileRef = 7B1C0D05617B5840C4E7AC9B /* SmartFilterServiceTests.swift */; };
		C7C0290ACAB5DA4DD53AE45F /* BackgroundScanSchedulerTests.swift in Sources */ = {isa = PBXBuildFile; fileRef = 51139339D19B43E1D5959BAB /* BackgroundScanSchedulerTests.swift */; };
		DB57D349559AE5CDAB42C96C /* TreemapViewTests.swift in Sources */ = {isa = PBXBuildFile; fileRef = F871CC754708D23CAD454BB6 /* TreemapViewTests.swift */; };
		F1697DF6989023BF5C073839 /* AppModelTests.swift in Sources */ = {isa = PBXBuildFile; fileRef = B764A3C64B2CFCE8183F5F55 /* AppModelTests.swift */; };
		F464A25153AC80A3D2882E37 /* NetworkVolumeScannerTests.swift in Sources */ = {isa = PBXBuildFile; fileRef = F436027826EB4101B77F48BC /* NetworkVolumeScannerTests.swift */; };
		F5F3ABA54B2EDC036FC3D9A8 /* AppBundleAnalyzerTests.swift in Sources */ = {isa = PBXBuildFile; fileRef = 1E8AB1E2D5AFE5850CDA2E9E /* AppBundleAnalyzerTests.swift */; };
		F9E364CB6FDBF158E6118EF8 /* PerformanceTests.swift in Sources */ = {isa = PBXBuildFile; fileRef = 9D07738E059F3D3A18363191 /* PerformanceTests.swift */; };
		FA3EC2C27965CCA3559225C5 /* DirectoryListViewTests.swift in Sources */ = {isa = PBXBuildFile; fileRef = 9AD3602F668CF7CF907A401B /* DirectoryListViewTests.swift */; };
/* End PBXBuildFile section */

/* Begin PBXContainerItemProxy section */
		C16D293874A672A085AE74E9 /* PBXContainerItemProxy */ = {
			isa = PBXContainerItemProxy;
			containerPortal = 4CA250100CDA098BC78B5F79 /* Project object */;
			proxyType = 1;
			remoteGlobalIDString = 5B87AE3BF0D13ABF4E05ECEE;
			remoteInfo = DiskTracker;
		};
/* End PBXContainerItemProxy section */

/* Begin PBXFileReference section */
		1E8AB1E2D5AFE5850CDA2E9E /* AppBundleAnalyzerTests.swift */ = {isa = PBXFileReference; lastKnownFileType = sourcecode.swift; path = AppBundleAnalyzerTests.swift; sourceTree = "<group>"; };
		276FD14D87CD60CCC59B7ECF /* DuplicateFinderServiceTests.swift */ = {isa = PBXFileReference; lastKnownFileType = sourcecode.swift; path = DuplicateFinderServiceTests.swift; sourceTree = "<group>"; };
		51139339D19B43E1D5959BAB /* BackgroundScanSchedulerTests.swift */ = {isa = PBXFileReference; lastKnownFileType = sourcecode.swift; path = BackgroundScanSchedulerTests.swift; sourceTree = "<group>"; };
		7B1C0D05617B5840C4E7AC9B /* SmartFilterServiceTests.swift */ = {isa = PBXFileReference; lastKnownFileType = sourcecode.swift; path = SmartFilterServiceTests.swift; sourceTree = "<group>"; };
		8BA208F381CA1B6629E2524A /* DiskNodeTests.swift */ = {isa = PBXFileReference; lastKnownFileType = sourcecode.swift; path = DiskNodeTests.swift; sourceTree = "<group>"; };
		926D06FEDB9964D973033FF4 /* ExportServiceTests.swift */ = {isa = PBXFileReference; lastKnownFileType = sourcecode.swift; path = ExportServiceTests.swift; sourceTree = "<group>"; };
		9AD3602F668CF7CF907A401B /* DirectoryListViewTests.swift */ = {isa = PBXFileReference; lastKnownFileType = sourcecode.swift; path = DirectoryListViewTests.swift; sourceTree = "<group>"; };
		9D07738E059F3D3A18363191 /* PerformanceTests.swift */ = {isa = PBXFileReference; lastKnownFileType = sourcecode.swift; path = PerformanceTests.swift; sourceTree = "<group>"; };
		A215C2FEEEE7254592D11B1B /* SunburstViewTests.swift */ = {isa = PBXFileReference; lastKnownFileType = sourcecode.swift; path = SunburstViewTests.swift; sourceTree = "<group>"; };
		9791683A20724DA9A1BF5310 /* DeletionTests.swift */ = {isa = PBXFileReference; lastKnownFileType = sourcecode.swift; path = DeletionTests.swift; sourceTree = "<group>"; };
		49683D5AE36945A0837F4353 /* ScanBufferTests.swift */ = {isa = PBXFileReference; lastKnownFileType = sourcecode.swift; path = ScanBufferTests.swift; sourceTree = "<group>"; };
		ACA2B642FE88056E77201E78 /* APFSSnapshotServiceTests.swift */ = {isa = PBXFileReference; lastKnownFileType = sourcecode.swift; path = APFSSnapshotServiceTests.swift; sourceTree = "<group>"; };
		B764A3C64B2CFCE8183F5F55 /* AppModelTests.swift */ = {isa = PBXFileReference; lastKnownFileType = sourcecode.swift; path = AppModelTests.swift; sourceTree = "<group>"; };
		C93FFFB112A6AE5F2D68B29C /* DiskTracker.app */ = {isa = PBXFileReference; explicitFileType = wrapper.application; includeInIndex = 0; path = DiskTracker.app; sourceTree = BUILT_PRODUCTS_DIR; };
		CA8F4F2DC4D6FB162935F9F8 /* FileOperationsServiceTests.swift */ = {isa = PBXFileReference; lastKnownFileType = sourcecode.swift; path = FileOperationsServiceTests.swift; sourceTree = "<group>"; };
		D67005DDAA65B91DEF316AAB /* DiskTrackerTests.xctest */ = {isa = PBXFileReference; explicitFileType = wrapper.cfbundle; includeInIndex = 0; path = DiskTrackerTests.xctest; sourceTree = BUILT_PRODUCTS_DIR; };
		F436027826EB4101B77F48BC /* NetworkVolumeScannerTests.swift */ = {isa = PBXFileReference; lastKnownFileType = sourcecode.swift; path = NetworkVolumeScannerTests.swift; sourceTree = "<group>"; };
		F871CC754708D23CAD454BB6 /* TreemapViewTests.swift */ = {isa = PBXFileReference; lastKnownFileType = sourcecode.swift; path = TreemapViewTests.swift; sourceTree = "<group>"; };
/* End PBXFileReference section */

/* Begin PBXFileSystemSynchronizedRootGroup section */
		7589DD3D3018314F00777228 /* Sources */ = {
			isa = PBXFileSystemSynchronizedRootGroup;
			path = Sources;
			sourceTree = "<group>";
		};
		7589DD583018315600777228 /* Binaries */ = {
			isa = PBXFileSystemSynchronizedRootGroup;
			path = Binaries;
			sourceTree = "<group>";
		};
/* End PBXFileSystemSynchronizedRootGroup section */

/* Begin PBXGroup section */
		6EF0D0EAF9F1DD395C4797E3 /* Products */ = {
			isa = PBXGroup;
			children = (
				C93FFFB112A6AE5F2D68B29C /* DiskTracker.app */,
				D67005DDAA65B91DEF316AAB /* DiskTrackerTests.xctest */,
			);
			name = Products;
			sourceTree = "<group>";
		};
		74EB0AC1FAEB5D0CB04742C5 /* Tests */ = {
			isa = PBXGroup;
			children = (
				AE97297E8A4C92BE4F25A495 /* DiskTrackerTests */,
			);
			path = Tests;
			sourceTree = "<group>";
		};
		762E273004813C5F3A21025C = {
			isa = PBXGroup;
			children = (
				7589DD583018315600777228 /* Binaries */,
				7589DD3D3018314F00777228 /* Sources */,
				74EB0AC1FAEB5D0CB04742C5 /* Tests */,
				6EF0D0EAF9F1DD395C4797E3 /* Products */,
			);
			sourceTree = "<group>";
		};
		AE97297E8A4C92BE4F25A495 /* DiskTrackerTests */ = {
			isa = PBXGroup;
			children = (
				ACA2B642FE88056E77201E78 /* APFSSnapshotServiceTests.swift */,
				1E8AB1E2D5AFE5850CDA2E9E /* AppBundleAnalyzerTests.swift */,
				B764A3C64B2CFCE8183F5F55 /* AppModelTests.swift */,
				51139339D19B43E1D5959BAB /* BackgroundScanSchedulerTests.swift */,
				9AD3602F668CF7CF907A401B /* DirectoryListViewTests.swift */,
				8BA208F381CA1B6629E2524A /* DiskNodeTests.swift */,
				276FD14D87CD60CCC59B7ECF /* DuplicateFinderServiceTests.swift */,
				926D06FEDB9964D973033FF4 /* ExportServiceTests.swift */,
				CA8F4F2DC4D6FB162935F9F8 /* FileOperationsServiceTests.swift */,
				F436027826EB4101B77F48BC /* NetworkVolumeScannerTests.swift */,
				9D07738E059F3D3A18363191 /* PerformanceTests.swift */,
				7B1C0D05617B5840C4E7AC9B /* SmartFilterServiceTests.swift */,
				A215C2FEEEE7254592D11B1B /* SunburstViewTests.swift */,
				9791683A20724DA9A1BF5310 /* DeletionTests.swift */,
				49683D5AE36945A0837F4353 /* ScanBufferTests.swift */,
				F871CC754708D23CAD454BB6 /* TreemapViewTests.swift */,
			);
			path = DiskTrackerTests;
			sourceTree = "<group>";
		};
/* End PBXGroup section */

/* Begin PBXNativeTarget section */
		5B87AE3BF0D13ABF4E05ECEE /* DiskTracker */ = {
			isa = PBXNativeTarget;
			buildConfigurationList = 051BE7A810D5AD54E84A8F03 /* Build configuration list for PBXNativeTarget "DiskTracker" */;
			buildPhases = (
				6AE2A0C52D4E099ACC324DAA /* Sources */,
				2A765037CFF50DF8B2CBD617 /* Resources */,
			);
			buildRules = (
			);
			dependencies = (
			);
			fileSystemSynchronizedGroups = (
				7589DD3D3018314F00777228 /* Sources */,
				7589DD583018315600777228 /* Binaries */,
			);
			name = DiskTracker;
			packageProductDependencies = (
			);
			productName = DiskTracker;
			productReference = C93FFFB112A6AE5F2D68B29C /* DiskTracker.app */;
			productType = "com.apple.product-type.application";
		};
		FF1BAA602C5F1A2FC15A59CA /* DiskTrackerTests */ = {
			isa = PBXNativeTarget;
			buildConfigurationList = 5533AC59CC3FCDCF5FD87B70 /* Build configuration list for PBXNativeTarget "DiskTrackerTests" */;
			buildPhases = (
				B23C279799A4CCAAA0BA7241 /* Sources */,
			);
			buildRules = (
			);
			dependencies = (
				46443FB0A5CC27ED6C13A69C /* PBXTargetDependency */,
			);
			name = DiskTrackerTests;
			packageProductDependencies = (
			);
			productName = DiskTrackerTests;
			productReference = D67005DDAA65B91DEF316AAB /* DiskTrackerTests.xctest */;
			productType = "com.apple.product-type.bundle.unit-test";
		};
/* End PBXNativeTarget section */

/* Begin PBXProject section */
		4CA250100CDA098BC78B5F79 /* Project object */ = {
			isa = PBXProject;
			attributes = {
				BuildIndependentTargetsInParallel = YES;
				LastUpgradeCheck = 1600;
				TargetAttributes = {
					5B87AE3BF0D13ABF4E05ECEE = {
						ProvisioningStyle = Automatic;
					};
					FF1BAA602C5F1A2FC15A59CA = {
						ProvisioningStyle = Automatic;
					};
				};
			};
			buildConfigurationList = 6E2460AA16D77AF30BAEE5AA /* Build configuration list for PBXProject "DiskTracker" */;
			developmentRegion = en;
			hasScannedForEncodings = 0;
			knownRegions = (
				Base,
				en,
			);
			mainGroup = 762E273004813C5F3A21025C;
			minimizedProjectReferenceProxies = 1;
			preferredProjectObjectVersion = 77;
			productRefGroup = 6EF0D0EAF9F1DD395C4797E3 /* Products */;
			projectDirPath = "";
			projectRoot = "";
			targets = (
				5B87AE3BF0D13ABF4E05ECEE /* DiskTracker */,
				FF1BAA602C5F1A2FC15A59CA /* DiskTrackerTests */,
			);
		};
/* End PBXProject section */

/* Begin PBXResourcesBuildPhase section */
		2A765037CFF50DF8B2CBD617 /* Resources */ = {
			isa = PBXResourcesBuildPhase;
			buildActionMask = 2147483647;
			files = (
			);
			runOnlyForDeploymentPostprocessing = 0;
		};
/* End PBXResourcesBuildPhase section */

/* Begin PBXSourcesBuildPhase section */
		6AE2A0C52D4E099ACC324DAA /* Sources */ = {
			isa = PBXSourcesBuildPhase;
			buildActionMask = 2147483647;
			files = (
			);
			runOnlyForDeploymentPostprocessing = 0;
		};
		B23C279799A4CCAAA0BA7241 /* Sources */ = {
			isa = PBXSourcesBuildPhase;
			buildActionMask = 2147483647;
			files = (
				6010631F03A1D9DD33304E5A /* APFSSnapshotServiceTests.swift in Sources */,
				F5F3ABA54B2EDC036FC3D9A8 /* AppBundleAnalyzerTests.swift in Sources */,
				F1697DF6989023BF5C073839 /* AppModelTests.swift in Sources */,
				C7C0290ACAB5DA4DD53AE45F /* BackgroundScanSchedulerTests.swift in Sources */,
				FA3EC2C27965CCA3559225C5 /* DirectoryListViewTests.swift in Sources */,
				4AC8492CCB5CC3E9F61B4866 /* DiskNodeTests.swift in Sources */,
				7A0A5C44DBE7728E6CC33B46 /* DuplicateFinderServiceTests.swift in Sources */,
				55E60C31195442C3A14C4D17 /* ExportServiceTests.swift in Sources */,
				6266485EBD4D76972A64A75D /* FileOperationsServiceTests.swift in Sources */,
				F464A25153AC80A3D2882E37 /* NetworkVolumeScannerTests.swift in Sources */,
				F9E364CB6FDBF158E6118EF8 /* PerformanceTests.swift in Sources */,
				BE68D409D5975D2DBE206259 /* SmartFilterServiceTests.swift in Sources */,
				096FEA52E28359A7D3D49705 /* SunburstViewTests.swift in Sources */,
				B35311BAAB074FBBBEDA6B2C /* DeletionTests.swift in Sources */,
				CE8EF8A3472447A2A2F28E75 /* ScanBufferTests.swift in Sources */,
				DB57D349559AE5CDAB42C96C /* TreemapViewTests.swift in Sources */,
			);
			runOnlyForDeploymentPostprocessing = 0;
		};
/* End PBXSourcesBuildPhase section */

/* Begin PBXTargetDependency section */
		46443FB0A5CC27ED6C13A69C /* PBXTargetDependency */ = {
			isa = PBXTargetDependency;
			target = 5B87AE3BF0D13ABF4E05ECEE /* DiskTracker */;
			targetProxy = C16D293874A672A085AE74E9 /* PBXContainerItemProxy */;
		};
/* End PBXTargetDependency section */

/* Begin XCBuildConfiguration section */
		2927BD815A30E5265092F597 /* Debug */ = {
			isa = XCBuildConfiguration;
			buildSettings = {
				BUNDLE_LOADER = "$(TEST_HOST)";
				COMBINE_HIDPI_IMAGES = YES;
				GENERATE_INFOPLIST_FILE = YES;
				LD_RUNPATH_SEARCH_PATHS = (
					"$(inherited)",
					"@executable_path/../Frameworks",
					"@loader_path/../Frameworks",
				);
				PRODUCT_BUNDLE_IDENTIFIER = com.disktracker.app.tests;
				PRODUCT_NAME = DiskTrackerTests;
				SDKROOT = macosx;
				SWIFT_VERSION = 6.0;
				TEST_HOST = "$(BUILT_PRODUCTS_DIR)/DiskTracker.app/Contents/MacOS/DiskTracker";
			};
			name = Debug;
		};
		351FF5A464E87C003BEFBCEC /* Debug */ = {
			isa = XCBuildConfiguration;
			buildSettings = {
				ALWAYS_SEARCH_USER_PATHS = NO;
				CLANG_ANALYZER_NONNULL = YES;
				CLANG_ANALYZER_NUMBER_OBJECT_CONVERSION = YES_AGGRESSIVE;
				CLANG_CXX_LANGUAGE_STANDARD = "gnu++14";
				CLANG_CXX_LIBRARY = "libc++";
				CLANG_ENABLE_MODULES = YES;
				CLANG_ENABLE_OBJC_ARC = YES;
				CLANG_ENABLE_OBJC_WEAK = YES;
				CLANG_WARN_BLOCK_CAPTURE_AUTORELEASING = YES;
				CLANG_WARN_BOOL_CONVERSION = YES;
				CLANG_WARN_COMMA = YES;
				CLANG_WARN_CONSTANT_CONVERSION = YES;
				CLANG_WARN_DEPRECATED_OBJC_IMPLEMENTATIONS = YES;
				CLANG_WARN_DIRECT_OBJC_ISA_USAGE = YES_ERROR;
				CLANG_WARN_DOCUMENTATION_COMMENTS = YES;
				CLANG_WARN_EMPTY_BODY = YES;
				CLANG_WARN_ENUM_CONVERSION = YES;
				CLANG_WARN_INFINITE_RECURSION = YES;
				CLANG_WARN_INT_CONVERSION = YES;
				CLANG_WARN_NON_LITERAL_NULL_CONVERSION = YES;
				CLANG_WARN_OBJC_IMPLICIT_RETAIN_SELF = YES;
				CLANG_WARN_OBJC_LITERAL_CONVERSION = YES;
				CLANG_WARN_OBJC_ROOT_CLASS = YES_ERROR;
				CLANG_WARN_QUOTED_INCLUDE_IN_FRAMEWORK_HEADER = YES;
				CLANG_WARN_RANGE_LOOP_ANALYSIS = YES;
				CLANG_WARN_STRICT_PROTOTYPES = YES;
				CLANG_WARN_SUSPICIOUS_MOVE = YES;
				CLANG_WARN_UNGUARDED_AVAILABILITY = YES_AGGRESSIVE;
				CLANG_WARN_UNREACHABLE_CODE = YES;
				CLANG_WARN__DUPLICATE_METHOD_MATCH = YES;
				CODE_SIGN_IDENTITY = "-";
				CODE_SIGN_STYLE = Automatic;
				COPY_PHASE_STRIP = NO;
				DEBUG_INFORMATION_FORMAT = dwarf;
				ENABLE_HARDENED_RUNTIME = YES;
				ENABLE_STRICT_OBJC_MSGSEND = YES;
				ENABLE_TESTABILITY = YES;
				GCC_C_LANGUAGE_STANDARD = gnu11;
				GCC_DYNAMIC_NO_PIC = NO;
				GCC_NO_COMMON_BLOCKS = YES;
				GCC_OPTIMIZATION_LEVEL = 0;
				GCC_PREPROCESSOR_DEFINITIONS = (
					"$(inherited)",
					"DEBUG=1",
				);
				GCC_WARN_64_TO_32_BIT_CONVERSION = YES;
				GCC_WARN_ABOUT_RETURN_TYPE = YES_ERROR;
				GCC_WARN_UNDECLARED_SELECTOR = YES;
				GCC_WARN_UNINITIALIZED_AUTOS = YES_AGGRESSIVE;
				GCC_WARN_UNUSED_FUNCTION = YES;
				GCC_WARN_UNUSED_VARIABLE = YES;
				MACOSX_DEPLOYMENT_TARGET = 15.0;
				MTL_ENABLE_DEBUG_INFO = INCLUDE_SOURCE;
				MTL_FAST_MATH = YES;
				ONLY_ACTIVE_ARCH = YES;
				PRODUCT_NAME = "$(TARGET_NAME)";
				SDKROOT = macosx;
				SWIFT_ACTIVE_COMPILATION_CONDITIONS = DEBUG;
				SWIFT_OPTIMIZATION_LEVEL = "-Onone";
				SWIFT_STRICT_CONCURRENCY = complete;
				SWIFT_VERSION = 6.0;
			};
			name = Debug;
		};
		588888EED86016A015BE79C7 /* Release */ = {
			isa = XCBuildConfiguration;
			buildSettings = {
				ALWAYS_SEARCH_USER_PATHS = NO;
				CLANG_ANALYZER_NONNULL = YES;
				CLANG_ANALYZER_NUMBER_OBJECT_CONVERSION = YES_AGGRESSIVE;
				CLANG_CXX_LANGUAGE_STANDARD = "gnu++14";
				CLANG_CXX_LIBRARY = "libc++";
				CLANG_ENABLE_MODULES = YES;
				CLANG_ENABLE_OBJC_ARC = YES;
				CLANG_ENABLE_OBJC_WEAK = YES;
				CLANG_WARN_BLOCK_CAPTURE_AUTORELEASING = YES;
				CLANG_WARN_BOOL_CONVERSION = YES;
				CLANG_WARN_COMMA = YES;
				CLANG_WARN_CONSTANT_CONVERSION = YES;
				CLANG_WARN_DEPRECATED_OBJC_IMPLEMENTATIONS = YES;
				CLANG_WARN_DIRECT_OBJC_ISA_USAGE = YES_ERROR;
				CLANG_WARN_DOCUMENTATION_COMMENTS = YES;
				CLANG_WARN_EMPTY_BODY = YES;
				CLANG_WARN_ENUM_CONVERSION = YES;
				CLANG_WARN_INFINITE_RECURSION = YES;
				CLANG_WARN_INT_CONVERSION = YES;
				CLANG_WARN_NON_LITERAL_NULL_CONVERSION = YES;
				CLANG_WARN_OBJC_IMPLICIT_RETAIN_SELF = YES;
				CLANG_WARN_OBJC_LITERAL_CONVERSION = YES;
				CLANG_WARN_OBJC_ROOT_CLASS = YES_ERROR;
				CLANG_WARN_QUOTED_INCLUDE_IN_FRAMEWORK_HEADER = YES;
				CLANG_WARN_RANGE_LOOP_ANALYSIS = YES;
				CLANG_WARN_STRICT_PROTOTYPES = YES;
				CLANG_WARN_SUSPICIOUS_MOVE = YES;
				CLANG_WARN_UNGUARDED_AVAILABILITY = YES_AGGRESSIVE;
				CLANG_WARN_UNREACHABLE_CODE = YES;
				CLANG_WARN__DUPLICATE_METHOD_MATCH = YES;
				CODE_SIGN_IDENTITY = "-";
				CODE_SIGN_STYLE = Automatic;
				COPY_PHASE_STRIP = NO;
				DEBUG_INFORMATION_FORMAT = "dwarf-with-dsym";
				ENABLE_HARDENED_RUNTIME = YES;
				ENABLE_NS_ASSERTIONS = NO;
				ENABLE_STRICT_OBJC_MSGSEND = YES;
				GCC_C_LANGUAGE_STANDARD = gnu11;
				GCC_NO_COMMON_BLOCKS = YES;
				GCC_WARN_64_TO_32_BIT_CONVERSION = YES;
				GCC_WARN_ABOUT_RETURN_TYPE = YES_ERROR;
				GCC_WARN_UNDECLARED_SELECTOR = YES;
				GCC_WARN_UNINITIALIZED_AUTOS = YES_AGGRESSIVE;
				GCC_WARN_UNUSED_FUNCTION = YES;
				GCC_WARN_UNUSED_VARIABLE = YES;
				MACOSX_DEPLOYMENT_TARGET = 15.0;
				MTL_ENABLE_DEBUG_INFO = NO;
				MTL_FAST_MATH = YES;
				PRODUCT_NAME = "$(TARGET_NAME)";
				SDKROOT = macosx;
				SWIFT_COMPILATION_MODE = wholemodule;
				SWIFT_OPTIMIZATION_LEVEL = "-O";
				SWIFT_STRICT_CONCURRENCY = complete;
				SWIFT_VERSION = 6.0;
			};
			name = Release;
		};
		8B8343370E337FD4E92C9319 /* Debug */ = {
			isa = XCBuildConfiguration;
			buildSettings = {
				ASSETCATALOG_COMPILER_APPICON_NAME = AppIcon;
				CODE_SIGN_ENTITLEMENTS = Resources/DiskTracker.entitlements;
				COMBINE_HIDPI_IMAGES = YES;
				INFOPLIST_FILE = Resources/Info.plist;
				LD_RUNPATH_SEARCH_PATHS = (
					"$(inherited)",
					"@executable_path/../Frameworks",
				);
				PRODUCT_BUNDLE_IDENTIFIER = com.disktracker.app;
				PRODUCT_NAME = DiskTracker;
				SDKROOT = macosx;
			};
			name = Debug;
		};
		EE88F8859EEDCD311AAFFB76 /* Release */ = {
			isa = XCBuildConfiguration;
			buildSettings = {
				ASSETCATALOG_COMPILER_APPICON_NAME = AppIcon;
				CODE_SIGN_ENTITLEMENTS = Resources/DiskTracker.entitlements;
				COMBINE_HIDPI_IMAGES = YES;
				INFOPLIST_FILE = Resources/Info.plist;
				LD_RUNPATH_SEARCH_PATHS = (
					"$(inherited)",
					"@executable_path/../Frameworks",
				);
				PRODUCT_BUNDLE_IDENTIFIER = com.disktracker.app;
				PRODUCT_NAME = DiskTracker;
				SDKROOT = macosx;
			};
			name = Release;
		};
		FECAEB78ACC43DE2EE96B736 /* Release */ = {
			isa = XCBuildConfiguration;
			buildSettings = {
				BUNDLE_LOADER = "$(TEST_HOST)";
				COMBINE_HIDPI_IMAGES = YES;
				GENERATE_INFOPLIST_FILE = YES;
				LD_RUNPATH_SEARCH_PATHS = (
					"$(inherited)",
					"@executable_path/../Frameworks",
					"@loader_path/../Frameworks",
				);
				PRODUCT_BUNDLE_IDENTIFIER = com.disktracker.app.tests;
				PRODUCT_NAME = DiskTrackerTests;
				SDKROOT = macosx;
				SWIFT_VERSION = 6.0;
				TEST_HOST = "$(BUILT_PRODUCTS_DIR)/DiskTracker.app/Contents/MacOS/DiskTracker";
			};
			name = Release;
		};
/* End XCBuildConfiguration section */

/* Begin XCConfigurationList section */
		051BE7A810D5AD54E84A8F03 /* Build configuration list for PBXNativeTarget "DiskTracker" */ = {
			isa = XCConfigurationList;
			buildConfigurations = (
				8B8343370E337FD4E92C9319 /* Debug */,
				EE88F8859EEDCD311AAFFB76 /* Release */,
			);
			defaultConfigurationIsVisible = 0;
			defaultConfigurationName = Debug;
		};
		5533AC59CC3FCDCF5FD87B70 /* Build configuration list for PBXNativeTarget "DiskTrackerTests" */ = {
			isa = XCConfigurationList;
			buildConfigurations = (
				2927BD815A30E5265092F597 /* Debug */,
				FECAEB78ACC43DE2EE96B736 /* Release */,
			);
			defaultConfigurationIsVisible = 0;
			defaultConfigurationName = Debug;
		};
		6E2460AA16D77AF30BAEE5AA /* Build configuration list for PBXProject "DiskTracker" */ = {
			isa = XCConfigurationList;
			buildConfigurations = (
				351FF5A464E87C003BEFBCEC /* Debug */,
				588888EED86016A015BE79C7 /* Release */,
			);
			defaultConfigurationIsVisible = 0;
			defaultConfigurationName = Debug;
		};
/* End XCConfigurationList section */
	};
	rootObject = 4CA250100CDA098BC78B5F79 /* Project object */;
}
